
Microsoft Visual Studio Solution File, Format Version 12.00
# Visual Studio Version 16
VisualStudioVersion = 16.0.32002.261
MinimumVisualStudioVersion = 10.0.40219.1
Project("{FAE04EC0-301F-11D3-BF4B-00C04F79EFBC}") = "AppMobile.Android", "AppMobile\AppMobile.Android\AppMobile.Android.csproj", "{8412BE92-AF94-4718-AA8C-FC17EC2148A4}"
EndProject
Project("{FAE04EC0-301F-11D3-BF4B-00C04F79EFBC}") = "AppMobile", "AppMobile\AppMobile\AppMobile.csproj", "{F23D249E-33A5-458D-9D21-1A2670139C99}"
EndProject
Global
	GlobalSection(SolutionConfigurationPlatforms) = preSolution
		Debug|Any CPU = Debug|Any CPU
		Release|Any CPU = Release|Any CPU
	EndGlobalSection
	GlobalSection(ProjectConfigurationPlatforms) = postSolution
		{8412BE92-AF94-4718-AA8C-FC17EC2148A4}.Debug|Any CPU.ActiveCfg = Debug|Any CPU
		{8412BE92-AF94-4718-AA8C-FC17EC2148A4}.Debug|Any CPU.Build.0 = Debug|Any CPU
		{8412BE92-AF94-4718-AA8C-FC17EC2148A4}.Debug|Any CPU.Deploy.0 = Debug|Any CPU
		{8412BE92-AF94-4718-AA8C-FC17EC2148A4}.Release|Any CPU.ActiveCfg = Release|Any CPU
		{8412BE92-AF94-4718-AA8C-FC17EC2148A4}.Release|Any CPU.Build.0 = Release|Any CPU
		{8412BE92-AF94-4718-AA8C-FC17EC2148A4}.Release|Any CPU.Deploy.0 = Release|Any CPU
		{F23D249E-33A5-458D-9D21-1A2670139C99}.Debug|Any CPU.ActiveCfg = Debug|Any CPU
		{F23D249E-33A5-458D-9D21-1A2670139C99}.Debug|Any CPU.Build.0 = Debug|Any CPU
		{F23D249E-33A5-458D-9D21-1A2670139C99}.Debug|Any CPU.Deploy.0 = Debug|Any CPU
		{F23D249E-33A5-458D-9D21-1A2670139C99}.Release|Any CPU.ActiveCfg = Release|Any CPU
		{F23D249E-33A5-458D-9D21-1A2670139C99}.Release|Any CPU.Build.0 = Release|Any CPU
		{F23D249E-33A5-458D-9D21-1A2670139C99}.Release|Any CPU.Deploy.0 = Release|Any CPU
	EndGlobalSection
	GlobalSection(SolutionProperties) = preSolution
		HideSolutionNode = FALSE
	EndGlobalSection
	GlobalSection(ExtensibilityGlobals) = postSolution
		SolutionGuid = {A3A3F7BE-BA3C-4891-803D-85A3E37D8FBC}
	EndGlobalSection
EndGlobal
