
Microsoft Visual Studio Solution File, Format Version 12.00
# Visual Studio Version 16
VisualStudioVersion = 16.0.32002.261
MinimumVisualStudioVersion = 10.0.40219.1
Project("{FAE04EC0-301F-11D3-BF4B-00C04F79EFBC}") = "PracAPI", "PracAPI\PracAPI.csproj", "{4187AD73-FED9-41B2-A531-9F5E8549575D}"
EndProject
Global
	GlobalSection(SolutionConfigurationPlatforms) = preSolution
		Debug|Any CPU = Debug|Any CPU
		Release|Any CPU = Release|Any CPU
	EndGlobalSection
	GlobalSection(ProjectConfigurationPlatforms) = postSolution
		{4187AD73-FED9-41B2-A531-9F5E8549575D}.Debug|Any CPU.ActiveCfg = Debug|Any CPU
		{4187AD73-FED9-41B2-A531-9F5E8549575D}.Debug|Any CPU.Build.0 = Debug|Any CPU
		{4187AD73-FED9-41B2-A531-9F5E8549575D}.Release|Any CPU.ActiveCfg = Release|Any CPU
		{4187AD73-FED9-41B2-A531-9F5E8549575D}.Release|Any CPU.Build.0 = Release|Any CPU
	EndGlobalSection
	GlobalSection(SolutionProperties) = preSolution
		HideSolutionNode = FALSE
	EndGlobalSection
	GlobalSection(ExtensibilityGlobals) = postSolution
		SolutionGuid = {BF875EF7-2EA2-46B2-879C-ADCCBEA59155}
	EndGlobalSection
EndGlobal
