
Microsoft Visual Studio Solution File, Format Version 12.00
# Visual Studio Version 16
VisualStudioVersion = 16.0.32002.261
MinimumVisualStudioVersion = 10.0.40219.1
Project("{FAE04EC0-301F-11D3-BF4B-00C04F79EFBC}") = "WPFPractis", "WPFPractis\WPFPractis.csproj", "{969CD60A-8FCC-4648-A3E7-C738E2D8D892}"
EndProject
Project("{FAE04EC0-301F-11D3-BF4B-00C04F79EFBC}") = "ClassLibraryTest", "ClassLibraryTest\ClassLibraryTest.csproj", "{A989D785-7B12-4876-B70C-EF191B4AE76A}"
EndProject
Project("{FAE04EC0-301F-11D3-BF4B-00C04F79EFBC}") = "UnitTestProject", "UnitTestProject\UnitTestProject.csproj", "{5BB5E39D-35C6-405E-B1D1-8BBE73C69E87}"
EndProject
Global
	GlobalSection(SolutionConfigurationPlatforms) = preSolution
		Debug|Any CPU = Debug|Any CPU
		Release|Any CPU = Release|Any CPU
	EndGlobalSection
	GlobalSection(ProjectConfigurationPlatforms) = postSolution
		{969CD60A-8FCC-4648-A3E7-C738E2D8D892}.Debug|Any CPU.ActiveCfg = Debug|Any CPU
		{969CD60A-8FCC-4648-A3E7-C738E2D8D892}.Debug|Any CPU.Build.0 = Debug|Any CPU
		{969CD60A-8FCC-4648-A3E7-C738E2D8D892}.Release|Any CPU.ActiveCfg = Release|Any CPU
		{969CD60A-8FCC-4648-A3E7-C738E2D8D892}.Release|Any CPU.Build.0 = Release|Any CPU
		{A989D785-7B12-4876-B70C-EF191B4AE76A}.Debug|Any CPU.ActiveCfg = Debug|Any CPU
		{A989D785-7B12-4876-B70C-EF191B4AE76A}.Debug|Any CPU.Build.0 = Debug|Any CPU
		{A989D785-7B12-4876-B70C-EF191B4AE76A}.Release|Any CPU.ActiveCfg = Release|Any CPU
		{A989D785-7B12-4876-B70C-EF191B4AE76A}.Release|Any CPU.Build.0 = Release|Any CPU
		{5BB5E39D-35C6-405E-B1D1-8BBE73C69E87}.Debug|Any CPU.ActiveCfg = Debug|Any CPU
		{5BB5E39D-35C6-405E-B1D1-8BBE73C69E87}.Debug|Any CPU.Build.0 = Debug|Any CPU
		{5BB5E39D-35C6-405E-B1D1-8BBE73C69E87}.Release|Any CPU.ActiveCfg = Release|Any CPU
		{5BB5E39D-35C6-405E-B1D1-8BBE73C69E87}.Release|Any CPU.Build.0 = Release|Any CPU
	EndGlobalSection
	GlobalSection(SolutionProperties) = preSolution
		HideSolutionNode = FALSE
	EndGlobalSection
	GlobalSection(ExtensibilityGlobals) = postSolution
		SolutionGuid = {759534B1-F8CB-4CFD-9BCD-044AE2B78707}
	EndGlobalSection
EndGlobal
